
Microsoft Visual Studio Solution File, Format Version 12.00
# Visual Studio Version 17
VisualStudioVersion = 17.4.33213.308
MinimumVisualStudioVersion = 10.0.40219.1
Project("{FAE04EC0-301F-11D3-BF4B-00C04F79EFBC}") = "AreaLibrary", "AreaLibrary\AreaLibrary.csproj", "{77ED7B04-7AC0-4E07-B956-4614548903AA}"
EndProject
Project("{FAE04EC0-301F-11D3-BF4B-00C04F79EFBC}") = "TestAreaLibrary", "TestAreaLibrary\TestAreaLibrary.csproj", "{B1A9A1FF-9BC5-4B1C-B266-C273A163669B}"
EndProject
Global
	GlobalSection(SolutionConfigurationPlatforms) = preSolution
		Debug|Any CPU = Debug|Any CPU
		Release|Any CPU = Release|Any CPU
	EndGlobalSection
	GlobalSection(ProjectConfigurationPlatforms) = postSolution
		{77ED7B04-7AC0-4E07-B956-4614548903AA}.Debug|Any CPU.ActiveCfg = Debug|Any CPU
		{77ED7B04-7AC0-4E07-B956-4614548903AA}.Debug|Any CPU.Build.0 = Debug|Any CPU
		{77ED7B04-7AC0-4E07-B956-4614548903AA}.Release|Any CPU.ActiveCfg = Release|Any CPU
		{77ED7B04-7AC0-4E07-B956-4614548903AA}.Release|Any CPU.Build.0 = Release|Any CPU
		{B1A9A1FF-9BC5-4B1C-B266-C273A163669B}.Debug|Any CPU.ActiveCfg = Debug|Any CPU
		{B1A9A1FF-9BC5-4B1C-B266-C273A163669B}.Debug|Any CPU.Build.0 = Debug|Any CPU
		{B1A9A1FF-9BC5-4B1C-B266-C273A163669B}.Release|Any CPU.ActiveCfg = Release|Any CPU
		{B1A9A1FF-9BC5-4B1C-B266-C273A163669B}.Release|Any CPU.Build.0 = Release|Any CPU
	EndGlobalSection
	GlobalSection(SolutionProperties) = preSolution
		HideSolutionNode = FALSE
	EndGlobalSection
	GlobalSection(ExtensibilityGlobals) = postSolution
		SolutionGuid = {D855B69C-274B-4AEB-97D2-3CD6B58EED9A}
	EndGlobalSection
EndGlobal
